
Microsoft Visual Studio Solution File, Format Version 12.00
# Visual Studio Version 17
VisualStudioVersion = 17.10.35027.167
MinimumVisualStudioVersion = 10.0.40219.1
Project("{FAE04EC0-301F-11D3-BF4B-00C04F79EFBC}") = "EncapsulationExample", "EncapsulationExample\EncapsulationExample.csproj", "{FA808190-CE3D-4A2A-BF10-211EF304F9A0}"
EndProject
Global
	GlobalSection(SolutionConfigurationPlatforms) = preSolution
		Debug|Any CPU = Debug|Any CPU
		Release|Any CPU = Release|Any CPU
	EndGlobalSection
	GlobalSection(ProjectConfigurationPlatforms) = postSolution
		{FA808190-CE3D-4A2A-BF10-211EF304F9A0}.Debug|Any CPU.ActiveCfg = Debug|Any CPU
		{FA808190-CE3D-4A2A-BF10-211EF304F9A0}.Debug|Any CPU.Build.0 = Debug|Any CPU
		{FA808190-CE3D-4A2A-BF10-211EF304F9A0}.Release|Any CPU.ActiveCfg = Release|Any CPU
		{FA808190-CE3D-4A2A-BF10-211EF304F9A0}.Release|Any CPU.Build.0 = Release|Any CPU
	EndGlobalSection
	GlobalSection(SolutionProperties) = preSolution
		HideSolutionNode = FALSE
	EndGlobalSection
	GlobalSection(ExtensibilityGlobals) = postSolution
		SolutionGuid = {801EB23C-A76A-4BA6-B3EF-9BB3DF44E9B1}
	EndGlobalSection
EndGlobal
